
Microsoft Visual Studio Solution File, Format Version 12.00
# Visual Studio Version 17
VisualStudioVersion = 17.2.32602.215
MinimumVisualStudioVersion = 10.0.40219.1
Project("{FAE04EC0-301F-11D3-BF4B-00C04F79EFBC}") = "PruebaTecnicaAPI", "PruebaTecnicaAPI\PruebaTecnicaAPI.csproj", "{66972004-3E5E-4BA3-A618-92B9CEC594F0}"
EndProject
Global
	GlobalSection(SolutionConfigurationPlatforms) = preSolution
		Debug|Any CPU = Debug|Any CPU
		Release|Any CPU = Release|Any CPU
	EndGlobalSection
	GlobalSection(ProjectConfigurationPlatforms) = postSolution
		{66972004-3E5E-4BA3-A618-92B9CEC594F0}.Debug|Any CPU.ActiveCfg = Debug|Any CPU
		{66972004-3E5E-4BA3-A618-92B9CEC594F0}.Debug|Any CPU.Build.0 = Debug|Any CPU
		{66972004-3E5E-4BA3-A618-92B9CEC594F0}.Release|Any CPU.ActiveCfg = Release|Any CPU
		{66972004-3E5E-4BA3-A618-92B9CEC594F0}.Release|Any CPU.Build.0 = Release|Any CPU
	EndGlobalSection
	GlobalSection(SolutionProperties) = preSolution
		HideSolutionNode = FALSE
	EndGlobalSection
	GlobalSection(ExtensibilityGlobals) = postSolution
		SolutionGuid = {54D98B97-C408-42A3-B540-EBC511E8FF98}
	EndGlobalSection
EndGlobal
